
Microsoft Visual Studio Solution File, Format Version 12.00
Project("{FAE04EC0-301F-11D3-BF4B-00C04F79EFBC}") = "BBPariuRuleta", "BBPariuRuleta\BBPariuRuleta.csproj", "{C538D901-B685-497E-ADCD-6437E769DB04}"
EndProject
Project("{FAE04EC0-301F-11D3-BF4B-00C04F79EFBC}") = "ClassLibrary1", "ClassLibrary1\ClassLibrary1.csproj", "{C67D57D1-91AE-463F-814C-7A4DFFEBD923}"
EndProject
Project("{FAE04EC0-301F-11D3-BF4B-00C04F79EFBC}") = "TestProject1", "TestProject1\TestProject1.csproj", "{FCD64008-3C83-403E-B195-64C376A65D50}"
EndProject
Global
	GlobalSection(SolutionConfigurationPlatforms) = preSolution
		Debug|Any CPU = Debug|Any CPU
		Release|Any CPU = Release|Any CPU
	EndGlobalSection
	GlobalSection(ProjectConfigurationPlatforms) = postSolution
		{C538D901-B685-497E-ADCD-6437E769DB04}.Debug|Any CPU.ActiveCfg = Debug|Any CPU
		{C538D901-B685-497E-ADCD-6437E769DB04}.Debug|Any CPU.Build.0 = Debug|Any CPU
		{C538D901-B685-497E-ADCD-6437E769DB04}.Release|Any CPU.ActiveCfg = Release|Any CPU
		{C538D901-B685-497E-ADCD-6437E769DB04}.Release|Any CPU.Build.0 = Release|Any CPU
		{C67D57D1-91AE-463F-814C-7A4DFFEBD923}.Debug|Any CPU.ActiveCfg = Debug|Any CPU
		{C67D57D1-91AE-463F-814C-7A4DFFEBD923}.Debug|Any CPU.Build.0 = Debug|Any CPU
		{C67D57D1-91AE-463F-814C-7A4DFFEBD923}.Release|Any CPU.ActiveCfg = Release|Any CPU
		{C67D57D1-91AE-463F-814C-7A4DFFEBD923}.Release|Any CPU.Build.0 = Release|Any CPU
		{FCD64008-3C83-403E-B195-64C376A65D50}.Debug|Any CPU.ActiveCfg = Debug|Any CPU
		{FCD64008-3C83-403E-B195-64C376A65D50}.Debug|Any CPU.Build.0 = Debug|Any CPU
		{FCD64008-3C83-403E-B195-64C376A65D50}.Release|Any CPU.ActiveCfg = Release|Any CPU
		{FCD64008-3C83-403E-B195-64C376A65D50}.Release|Any CPU.Build.0 = Release|Any CPU
	EndGlobalSection
EndGlobal
